
Microsoft Visual Studio Solution File, Format Version 12.00
# Visual Studio Version 17
VisualStudioVersion = 17.8.34330.188
MinimumVisualStudioVersion = 10.0.40219.1
Project("{FAE04EC0-301F-11D3-BF4B-00C04F79EFBC}") = "HPScaler", "HPScaler.csproj", "{E29163A2-4C65-4513-BCC7-69743EF35AFA}"
EndProject
Global
	GlobalSection(SolutionConfigurationPlatforms) = preSolution
		Debug|Any CPU = Debug|Any CPU
		Release|Any CPU = Release|Any CPU
	EndGlobalSection
	GlobalSection(ProjectConfigurationPlatforms) = postSolution
		{E29163A2-4C65-4513-BCC7-69743EF35AFA}.Debug|Any CPU.ActiveCfg = Debug|Any CPU
		{E29163A2-4C65-4513-BCC7-69743EF35AFA}.Debug|Any CPU.Build.0 = Debug|Any CPU
		{E29163A2-4C65-4513-BCC7-69743EF35AFA}.Release|Any CPU.ActiveCfg = Release|Any CPU
		{E29163A2-4C65-4513-BCC7-69743EF35AFA}.Release|Any CPU.Build.0 = Release|Any CPU
	EndGlobalSection
	GlobalSection(SolutionProperties) = preSolution
		HideSolutionNode = FALSE
	EndGlobalSection
	GlobalSection(ExtensibilityGlobals) = postSolution
		SolutionGuid = {EF072C48-6B45-436E-AD16-E4DDCAC564F0}
	EndGlobalSection
EndGlobal
